
Microsoft Visual Studio Solution File, Format Version 12.00
Project("{FAE04EC0-301F-11D3-BF4B-00C04F79EFBC}") = "GizmosExt", "GizmosExt\GizmosExt.csproj", "{ADB8571B-9E2F-4CB6-80E3-A82E3DA8B99A}"
EndProject
Project("{FAE04EC0-301F-11D3-BF4B-00C04F79EFBC}") = "Plugins", "Plugins\Plugins.csproj", "{FCEA9D85-AC68-4016-BC32-F42717CA2A1D}"
EndProject
Global
	GlobalSection(SolutionConfigurationPlatforms) = preSolution
		Debug|Carbon = Debug|Carbon
		Debug|Oxide = Debug|Oxide
		Release|Carbon = Release|Carbon
		Release|Oxide = Release|Oxide
	EndGlobalSection
	GlobalSection(ProjectConfigurationPlatforms) = postSolution
		{ADB8571B-9E2F-4CB6-80E3-A82E3DA8B99A}.Debug|Carbon.ActiveCfg = Debug|Carbon
		{ADB8571B-9E2F-4CB6-80E3-A82E3DA8B99A}.Debug|Carbon.Build.0 = Debug|Carbon
		{ADB8571B-9E2F-4CB6-80E3-A82E3DA8B99A}.Debug|Oxide.ActiveCfg = Debug|Oxide
		{ADB8571B-9E2F-4CB6-80E3-A82E3DA8B99A}.Debug|Oxide.Build.0 = Debug|Oxide
		{ADB8571B-9E2F-4CB6-80E3-A82E3DA8B99A}.Release|Carbon.ActiveCfg = Release|Carbon
		{ADB8571B-9E2F-4CB6-80E3-A82E3DA8B99A}.Release|Carbon.Build.0 = Release|Carbon
		{ADB8571B-9E2F-4CB6-80E3-A82E3DA8B99A}.Release|Oxide.ActiveCfg = Release|Oxide
		{ADB8571B-9E2F-4CB6-80E3-A82E3DA8B99A}.Release|Oxide.Build.0 = Release|Oxide
		{FCEA9D85-AC68-4016-BC32-F42717CA2A1D}.Debug|Carbon.ActiveCfg = Debug|Any CPU
		{FCEA9D85-AC68-4016-BC32-F42717CA2A1D}.Debug|Oxide.ActiveCfg = Debug|Any CPU
		{FCEA9D85-AC68-4016-BC32-F42717CA2A1D}.Debug|Oxide.Build.0 = Debug|Any CPU
		{FCEA9D85-AC68-4016-BC32-F42717CA2A1D}.Release|Carbon.ActiveCfg = Release|Any CPU
		{FCEA9D85-AC68-4016-BC32-F42717CA2A1D}.Release|Oxide.ActiveCfg = Release|Any CPU
		{FCEA9D85-AC68-4016-BC32-F42717CA2A1D}.Release|Oxide.Build.0 = Release|Any CPU
	EndGlobalSection
EndGlobal
