
Microsoft Visual Studio Solution File, Format Version 12.00
Project("{FAE04EC0-301F-11D3-BF4B-00C04F79EFBC}") = "GizmosExt", "GizmosExt\GizmosExt.csproj", "{ADB8571B-9E2F-4CB6-80E3-A82E3DA8B99A}"
EndProject
Project("{FAE04EC0-301F-11D3-BF4B-00C04F79EFBC}") = "Plugins", "Plugins\Plugins.csproj", "{FCEA9D85-AC68-4016-BC32-F42717CA2A1D}"
EndProject
Global
	GlobalSection(SolutionConfigurationPlatforms) = preSolution
		1. Main|Windows = 1. Main|Windows
		1. Main|Linux = 1. Main|Linux
		2. Staging|Windows = 2. Staging|Windows
		2. Staging|Linux = 2. Staging|Linux
		3. Oxide|Windows = 3. Oxide|Windows
		3. Oxide|Linux = 3. Oxide|Linux
		4. Oxide Staging|Windows = 4. Oxide Staging|Windows
		4. Oxide Staging|Linux = 4. Oxide Staging|Linux
		5. Carbon|Windows = 5. Carbon|Windows
		5. Carbon|Linux = 5. Carbon|Linux
		6. Carbon Staging|Windows = 6. Carbon Staging|Windows
		6. Carbon Staging|Linux = 6. Carbon Staging|Linux
	EndGlobalSection
	GlobalSection(ProjectConfigurationPlatforms) = postSolution
		{ADB8571B-9E2F-4CB6-80E3-A82E3DA8B99A}.1. Main|Windows.ActiveCfg = 1. Main|Windows
		{ADB8571B-9E2F-4CB6-80E3-A82E3DA8B99A}.1. Main|Windows.Build.0 = 1. Main|Windows
		{ADB8571B-9E2F-4CB6-80E3-A82E3DA8B99A}.1. Main|Linux.ActiveCfg = 1. Main|Linux
		{ADB8571B-9E2F-4CB6-80E3-A82E3DA8B99A}.1. Main|Linux.Build.0 = 1. Main|Linux
		{ADB8571B-9E2F-4CB6-80E3-A82E3DA8B99A}.2. Staging|Windows.ActiveCfg = 2. Staging|Windows
		{ADB8571B-9E2F-4CB6-80E3-A82E3DA8B99A}.2. Staging|Windows.Build.0 = 2. Staging|Windows
		{ADB8571B-9E2F-4CB6-80E3-A82E3DA8B99A}.2. Staging|Linux.ActiveCfg = 2. Staging|Linux
		{ADB8571B-9E2F-4CB6-80E3-A82E3DA8B99A}.2. Staging|Linux.Build.0 = 2. Staging|Linux
		{ADB8571B-9E2F-4CB6-80E3-A82E3DA8B99A}.3. Oxide|Windows.ActiveCfg = 3. Oxide|Windows
		{ADB8571B-9E2F-4CB6-80E3-A82E3DA8B99A}.3. Oxide|Windows.Build.0 = 3. Oxide|Windows
		{ADB8571B-9E2F-4CB6-80E3-A82E3DA8B99A}.3. Oxide|Linux.ActiveCfg = 3. Oxide|Linux
		{ADB8571B-9E2F-4CB6-80E3-A82E3DA8B99A}.3. Oxide|Linux.Build.0 = 3. Oxide|Linux
		{ADB8571B-9E2F-4CB6-80E3-A82E3DA8B99A}.4. Oxide Staging|Windows.ActiveCfg = 4. Oxide Staging|Windows
		{ADB8571B-9E2F-4CB6-80E3-A82E3DA8B99A}.4. Oxide Staging|Windows.Build.0 = 4. Oxide Staging|Windows
		{ADB8571B-9E2F-4CB6-80E3-A82E3DA8B99A}.4. Oxide Staging|Linux.ActiveCfg = 4. Oxide Staging|Linux
		{ADB8571B-9E2F-4CB6-80E3-A82E3DA8B99A}.4. Oxide Staging|Linux.Build.0 = 4. Oxide Staging|Linux
		{ADB8571B-9E2F-4CB6-80E3-A82E3DA8B99A}.5. Carbon|Windows.ActiveCfg = 5. Carbon|Windows
		{ADB8571B-9E2F-4CB6-80E3-A82E3DA8B99A}.5. Carbon|Windows.Build.0 = 5. Carbon|Windows
		{ADB8571B-9E2F-4CB6-80E3-A82E3DA8B99A}.5. Carbon|Linux.ActiveCfg = 5. Carbon|Linux
		{ADB8571B-9E2F-4CB6-80E3-A82E3DA8B99A}.5. Carbon|Linux.Build.0 = 5. Carbon|Linux
		{ADB8571B-9E2F-4CB6-80E3-A82E3DA8B99A}.6. Carbon Staging|Windows.ActiveCfg = 6. Carbon Staging|Windows
		{ADB8571B-9E2F-4CB6-80E3-A82E3DA8B99A}.6. Carbon Staging|Windows.Build.0 = 6. Carbon Staging|Windows
		{ADB8571B-9E2F-4CB6-80E3-A82E3DA8B99A}.6. Carbon Staging|Linux.ActiveCfg = 6. Carbon Staging|Linux
		{ADB8571B-9E2F-4CB6-80E3-A82E3DA8B99A}.6. Carbon Staging|Linux.Build.0 = 6. Carbon Staging|Linux
		{FCEA9D85-AC68-4016-BC32-F42717CA2A1D}.1. Main|Windows.ActiveCfg = 1. Main|Windows
		{FCEA9D85-AC68-4016-BC32-F42717CA2A1D}.1. Main|Windows.Build.0 = 1. Main|Windows
		{FCEA9D85-AC68-4016-BC32-F42717CA2A1D}.1. Main|Linux.ActiveCfg = 1. Main|Linux
		{FCEA9D85-AC68-4016-BC32-F42717CA2A1D}.1. Main|Linux.Build.0 = 1. Main|Linux
		{FCEA9D85-AC68-4016-BC32-F42717CA2A1D}.2. Staging|Windows.ActiveCfg = 2. Staging|Windows
		{FCEA9D85-AC68-4016-BC32-F42717CA2A1D}.2. Staging|Windows.Build.0 = 2. Staging|Windows
		{FCEA9D85-AC68-4016-BC32-F42717CA2A1D}.2. Staging|Linux.ActiveCfg = 2. Staging|Linux
		{FCEA9D85-AC68-4016-BC32-F42717CA2A1D}.2. Staging|Linux.Build.0 = 2. Staging|Linux
		{FCEA9D85-AC68-4016-BC32-F42717CA2A1D}.3. Oxide|Windows.ActiveCfg = 3. Oxide|Windows
		{FCEA9D85-AC68-4016-BC32-F42717CA2A1D}.3. Oxide|Windows.Build.0 = 3. Oxide|Windows
		{FCEA9D85-AC68-4016-BC32-F42717CA2A1D}.3. Oxide|Linux.ActiveCfg = 3. Oxide|Linux
		{FCEA9D85-AC68-4016-BC32-F42717CA2A1D}.3. Oxide|Linux.Build.0 = 3. Oxide|Linux
		{FCEA9D85-AC68-4016-BC32-F42717CA2A1D}.4. Oxide Staging|Windows.ActiveCfg = 4. Oxide Staging|Windows
		{FCEA9D85-AC68-4016-BC32-F42717CA2A1D}.4. Oxide Staging|Windows.Build.0 = 4. Oxide Staging|Windows
		{FCEA9D85-AC68-4016-BC32-F42717CA2A1D}.4. Oxide Staging|Linux.ActiveCfg = 4. Oxide Staging|Linux
		{FCEA9D85-AC68-4016-BC32-F42717CA2A1D}.4. Oxide Staging|Linux.Build.0 = 4. Oxide Staging|Linux
		{FCEA9D85-AC68-4016-BC32-F42717CA2A1D}.5. Carbon|Windows.ActiveCfg = 5. Carbon|Windows
		{FCEA9D85-AC68-4016-BC32-F42717CA2A1D}.5. Carbon|Windows.Build.0 = 5. Carbon|Windows
		{FCEA9D85-AC68-4016-BC32-F42717CA2A1D}.5. Carbon|Linux.ActiveCfg = 5. Carbon|Linux
		{FCEA9D85-AC68-4016-BC32-F42717CA2A1D}.5. Carbon|Linux.Build.0 = 5. Carbon|Linux
		{FCEA9D85-AC68-4016-BC32-F42717CA2A1D}.6. Carbon Staging|Windows.ActiveCfg = 6. Carbon Staging|Windows
		{FCEA9D85-AC68-4016-BC32-F42717CA2A1D}.6. Carbon Staging|Windows.Build.0 = 6. Carbon Staging|Windows
		{FCEA9D85-AC68-4016-BC32-F42717CA2A1D}.6. Carbon Staging|Linux.ActiveCfg = 6. Carbon Staging|Linux
		{FCEA9D85-AC68-4016-BC32-F42717CA2A1D}.6. Carbon Staging|Linux.Build.0 = 6. Carbon Staging|Linux
	EndGlobalSection
EndGlobal
